{
  "name": "@bobfrankston/gcal",
  "version": "0.1.10",
  "lockfileVersion": 3,
  "requires": true,
  "packages": {
    "": {
      "name": "@bobfrankston/gcal",
      "version": "0.1.10",
      "license": "MIT",
      "dependencies": {
        "@bobfrankston/oauthsupport": "file:../../../projects/OAuth/OauthSupport",
        "ical.js": "^2.1.0"
      },
      "bin": {
        "gcal": "gcal.ts"
      },
      "devDependencies": {
        "@types/node": "^25.0.9"
      }
    },
    "../../../projects/OAuth/OauthSupport": {
      "name": "@bobfrankston/oauthsupport",
      "version": "1.0.5",
      "license": "MIT",
      "devDependencies": {
        "@types/node": "^20.10.0"
      },
      "engines": {
        "node": ">=18.0.0"
      }
    },
    "node_modules/@bobfrankston/oauthsupport": {
      "resolved": "../../../projects/OAuth/OauthSupport",
      "link": true
    },
    "node_modules/@types/node": {
      "version": "25.0.9",
      "resolved": "https://registry.npmjs.org/@types/node/-/node-25.0.9.tgz",
      "integrity": "sha512-/rpCXHlCWeqClNBwUhDcusJxXYDjZTyE8v5oTO7WbL8eij2nKhUeU89/6xgjU7N4/Vh3He0BtyhJdQbDyhiXAw==",
      "dev": true,
      "license": "MIT",
      "dependencies": {
        "undici-types": "~7.16.0"
      }
    },
    "node_modules/ical.js": {
      "version": "2.2.1",
      "resolved": "https://registry.npmjs.org/ical.js/-/ical.js-2.2.1.tgz",
      "integrity": "sha512-yK/UlPbEs316igb/tjRgbFA8ZV75rCsBJp/hWOatpyaPNlgw0dGDmU+FoicOcwX4xXkeXOkYiOmCqNPFpNPkQg==",
      "license": "MPL-2.0"
    },
    "node_modules/undici-types": {
      "version": "7.16.0",
      "resolved": "https://registry.npmjs.org/undici-types/-/undici-types-7.16.0.tgz",
      "integrity": "sha512-Zz+aZWSj8LE6zoxD+xrjh4VfkIG8Ya6LvYkZqtUQGJPZjYl53ypCaUwWqo7eI0x66KBGeRo+mlBEkMSeSZ38Nw==",
      "dev": true,
      "license": "MIT"
    }
  }
}
