{
  "name": "@bobfrankston/gcal",
  "version": "0.1.9",
  "lockfileVersion": 3,
  "requires": true,
  "packages": {
    "": {
      "name": "@bobfrankston/gcal",
      "version": "0.1.9",
      "license": "MIT",
      "dependencies": {
        "@bobfrankston/oauthsupport": "^1.0.1",
        "ical.js": "^2.1.0"
      },
      "bin": {
        "gcal": "gcal.ts"
      },
      "devDependencies": {
        "@types/node": "^25.0.3"
      }
    },
    "node_modules/@bobfrankston/oauthsupport": {
      "version": "1.0.1",
      "resolved": "https://registry.npmjs.org/@bobfrankston/oauthsupport/-/oauthsupport-1.0.1.tgz",
      "integrity": "sha512-bpvFNEZ6Z8FYZtGMiFb3BtWAiA+HSFhWw40TjS2X90KBEtwr4sQOm1fyY/+fcsi2BJGxU9zL63oQYQ+rz+47Eg==",
      "license": "MIT",
      "engines": {
        "node": ">=18.0.0"
      }
    },
    "node_modules/@types/node": {
      "version": "25.0.8",
      "resolved": "https://registry.npmjs.org/@types/node/-/node-25.0.8.tgz",
      "integrity": "sha512-powIePYMmC3ibL0UJ2i2s0WIbq6cg6UyVFQxSCpaPxxzAaziRfimGivjdF943sSGV6RADVbk0Nvlm5P/FB44Zg==",
      "dev": true,
      "license": "MIT",
      "dependencies": {
        "undici-types": "~7.16.0"
      }
    },
    "node_modules/ical.js": {
      "version": "2.2.1",
      "resolved": "https://registry.npmjs.org/ical.js/-/ical.js-2.2.1.tgz",
      "integrity": "sha512-yK/UlPbEs316igb/tjRgbFA8ZV75rCsBJp/hWOatpyaPNlgw0dGDmU+FoicOcwX4xXkeXOkYiOmCqNPFpNPkQg==",
      "license": "MPL-2.0"
    },
    "node_modules/undici-types": {
      "version": "7.16.0",
      "resolved": "https://registry.npmjs.org/undici-types/-/undici-types-7.16.0.tgz",
      "integrity": "sha512-Zz+aZWSj8LE6zoxD+xrjh4VfkIG8Ya6LvYkZqtUQGJPZjYl53ypCaUwWqo7eI0x66KBGeRo+mlBEkMSeSZ38Nw==",
      "dev": true,
      "license": "MIT"
    }
  }
}
